<?xml version="1.0" encoding="utf-8"?>
<Project ToolsVersion="4.0" xmlns="http://schemas.microsoft.com/developer/msbuild/2003">
  <ItemGroup>
    <Filter Include="Examples">
      <UniqueIdentifier>{2473f3e5-5217-4b55-8153-f6aac27a25da}</UniqueIdentifier>
    </Filter>
    <Filter Include="Core">
      <UniqueIdentifier>{3e54c49b-bb5a-420f-bef9-15cb64af1e64}</UniqueIdentifier>
    </Filter>
    <Filter Include="_Uncategorized">
      <UniqueIdentifier>{ad6b609c-a2eb-4da4-82b8-daecdbaf632d}</UniqueIdentifier>
      <Extensions>cpp;h;</Extensions>
    </Filter>
  </ItemGroup>
  <ItemGroup>
    <ClInclude Include="Core\camera.h">
      <Filter>Core</Filter>
    </ClInclude>
    <ClInclude Include="Core\display.h">
      <Filter>Core</Filter>
    </ClInclude>
    <ClInclude Include="Core\mesh.h">
      <Filter>Core</Filter>
    </ClInclude>
    <ClInclude Include="Core\obj_loader.h">
      <Filter>Core</Filter>
    </ClInclude>
    <ClInclude Include="Core\shader.h">
      <Filter>Core</Filter>
    </ClInclude>
    <ClInclude Include="Core\texture.h">
      <Filter>Core</Filter>
    </ClInclude>
    <ClInclude Include="Core\transform.h">
      <Filter>Core</Filter>
    </ClInclude>
    <ClInclude Include="Examples\render_proxy.h">
      <Filter>Examples</Filter>
    </ClInclude>
  </ItemGroup>
  <ItemGroup>
    <ClCompile Include="main.cpp" />
    <ClCompile Include="Core\display.cpp">
      <Filter>Core</Filter>
    </ClCompile>
    <ClCompile Include="Core\mesh.cpp">
      <Filter>Core</Filter>
    </ClCompile>
    <ClCompile Include="Core\obj_loader.cpp">
      <Filter>Core</Filter>
    </ClCompile>
    <ClCompile Include="Core\shader.cpp">
      <Filter>Core</Filter>
    </ClCompile>
    <ClCompile Include="Core\texture.cpp">
      <Filter>Core</Filter>
    </ClCompile>
    <ClCompile Include="Examples\draw_simple_mesh.cpp">
      <Filter>Examples</Filter>
    </ClCompile>
  </ItemGroup>
</Project>