<?xml version="1.0" encoding="utf-8"?>
<Project ToolsVersion="4.0" xmlns="http://schemas.microsoft.com/developer/msbuild/2003">
  <ItemGroup>
    <Filter Include="_Uncategorized">
      <UniqueIdentifier>{d8ffd841-f76a-4317-be2f-2733a2313ebd}</UniqueIdentifier>
      <Extensions>cpp;h;</Extensions>
    </Filter>
    <Filter Include="Common">
      <UniqueIdentifier>{fee72f2e-bb5f-42cb-8ac8-398e05149fa2}</UniqueIdentifier>
    </Filter>
    <Filter Include="Vulkan">
      <UniqueIdentifier>{c44cf349-2dea-4a36-bfbf-46fc4e83860e}</UniqueIdentifier>
    </Filter>
    <Filter Include="Chapter">
      <UniqueIdentifier>{7fb22fb4-a9fa-41bc-979d-7a175884ea55}</UniqueIdentifier>
    </Filter>
    <Filter Include="Sample">
      <UniqueIdentifier>{53d5e4a0-0287-4d2c-a6a8-906d828d2492}</UniqueIdentifier>
    </Filter>
  </ItemGroup>
  <ItemGroup>
    <ClCompile Include="main.cpp" />
    <ClCompile Include="Common\vulkan_functions.cpp">
      <Filter>Common</Filter>
    </ClCompile>
    <ClCompile Include="Common\sample_framework.cpp">
      <Filter>Common</Filter>
    </ClCompile>
    <ClCompile Include="Chapter\ch01_instance_and_device.cpp">
      <Filter>Chapter</Filter>
    </ClCompile>
    <ClCompile Include="Chapter\ch02_image_presentation.cpp">
      <Filter>Chapter</Filter>
    </ClCompile>
    <ClCompile Include="Chapter\ch03_command_buffer_and_synchronization.cpp">
      <Filter>Chapter</Filter>
    </ClCompile>
    <ClCompile Include="Chapter\ch04_resource_and_memory.cpp">
      <Filter>Chapter</Filter>
    </ClCompile>
    <ClCompile Include="Sample\01_create_logical_device.cpp">
      <Filter>Sample</Filter>
    </ClCompile>
    <ClCompile Include="Sample\02_create_swapchain.cpp">
      <Filter>Sample</Filter>
    </ClCompile>
    <ClCompile Include="Sample\03_use_render_pass.cpp">
      <Filter>Sample</Filter>
    </ClCompile>
    <ClCompile Include="Sample\04_use_graphics_pipeline.cpp">
      <Filter>Sample</Filter>
    </ClCompile>
    <ClCompile Include="Chapter\ch05_creating_framebuffer.cpp">
      <Filter>Chapter</Filter>
    </ClCompile>
    <ClCompile Include="Chapter\ch06_renderpass_and_framebuffer.cpp">
      <Filter>Chapter</Filter>
    </ClCompile>
    <ClCompile Include="Chapter\ch08_graphics_and_compute_pipeline.cpp">
      <Filter>Chapter</Filter>
    </ClCompile>
    <ClCompile Include="Chapter\ch09_command_recording_and_drawing.cpp">
      <Filter>Chapter</Filter>
    </ClCompile>
    <ClCompile Include="Common\vulkan_os.cpp">
      <Filter>Common</Filter>
    </ClCompile>
    <ClCompile Include="Common\vulkan_tool.cpp">
      <Filter>Common</Filter>
    </ClCompile>
  </ItemGroup>
  <ItemGroup>
    <ClInclude Include="Common\vulkan_functions.h">
      <Filter>Common</Filter>
    </ClInclude>
    <ClInclude Include="Common\sample_framework.h">
      <Filter>Common</Filter>
    </ClInclude>
    <ClInclude Include="Common\vulkan_destroyer.h">
      <Filter>Common</Filter>
    </ClInclude>
    <ClInclude Include="Vulkan\vulkan.h">
      <Filter>Vulkan</Filter>
    </ClInclude>
    <ClInclude Include="Common\vulkan_common.h">
      <Filter>Common</Filter>
    </ClInclude>
    <ClInclude Include="Chapter\ch01_instance_and_device.h">
      <Filter>Chapter</Filter>
    </ClInclude>
    <ClInclude Include="Chapter\ch02_image_presentation.h">
      <Filter>Chapter</Filter>
    </ClInclude>
    <ClInclude Include="Chapter\ch03_command_buffer_and_synchronization.h">
      <Filter>Chapter</Filter>
    </ClInclude>
    <ClInclude Include="Chapter\ch04_resource_and_memory.h">
      <Filter>Chapter</Filter>
    </ClInclude>
    <ClInclude Include="Chapter\ch05_creating_framebuffer.h">
      <Filter>Chapter</Filter>
    </ClInclude>
    <ClInclude Include="Chapter\ch06_renderpass_and_framebuffer.h">
      <Filter>Chapter</Filter>
    </ClInclude>
    <ClInclude Include="Chapter\ch08_graphics_and_compute_pipeline.h">
      <Filter>Chapter</Filter>
    </ClInclude>
    <ClInclude Include="Chapter\ch09_command_recording_and_drawing.h">
      <Filter>Chapter</Filter>
    </ClInclude>
    <ClInclude Include="Common\vulkan_tool.h">
      <Filter>Common</Filter>
    </ClInclude>
    <ClInclude Include="Common\vulkan_os.h">
      <Filter>Common</Filter>
    </ClInclude>
  </ItemGroup>
  <ItemGroup>
    <None Include="Common\list_vulkan_functions.inl" />
  </ItemGroup>
</Project>